github.com/BurntSushi/toml v0.3.1/go.mod h1:xHWCNGjB5oqiDr8zfno3MHue2Ht5sIBksp03qcyfWMU=
github.com/PuerkitoBio/goquery v1.5.1 h1:PSPBGne8NIUWw+/7vFBV+kG2J/5MOjbzc7154OaKCSE=
github.com/PuerkitoBio/goquery v1.5.1/go.mod h1:GsLWisAFVj4WgDibEWF4pvYnkVQBpKBKeU+7zCJoLcc=
github.com/andybalholm/cascadia v1.1.0 h1:BuuO6sSfQNFRu1LppgbD25Hr2vLYW25JvxHs5zzsLTo=
github.com/andybalholm/cascadia v1.1.0/go.mod h1:GsXiBklL0woXo1j/WYWtSYYC4ouU9PqHO0sqidkEA4Y=
github.com/andybalholm/cascadia v1.2.0 h1:vuRCkM5Ozh/BfmsaTm26kbjm0mIOM3yS5Ek/F5h18aE=
github.com/andybalholm/cascadia v1.2.0/go.mod h1:YCyR8vOZT9aZ1CHEd8ap0gMVm2aFgxBp0T0eFw1RUQY=
github.com/aws/aws-lambda-go v1.19.1 h1:5iUHbIZ2sG6Yq/J1IN3sWm3+vAB1CWwhI21NffLNuNI=
github.com/aws/aws-lambda-go v1.19.1/go.mod h1:jJmlefzPfGnckuHdXX7/80O3BvUUi12XOkbv4w9SGLU=
github.com/aws/aws-sdk-go v1.34.12 h1:7UbBEYDUa4uW0YmRnOd806MS1yoJMcaodBWDzvBShAI=
github.com/aws/aws-sdk-go v1.34.12/go.mod h1:5zCpMtNQVjRREroY7sYe8lOMRSxkhG6MZveU8YkpAk0=
github.com/aws/aws-sdk-go v1.34.21 h1:M97FXuiJgDHwD4mXhrIZ7RJ4xXV6uZVPvIC2qb+HfYE=
github.com/aws/aws-sdk-go v1.34.21/go.mod h1:5zCpMtNQVjRREroY7sYe8lOMRSxkhG6MZveU8YkpAk0=
github.com/aws/aws-sdk-go v1.34.22 h1:7V2sKilVVgHqdjbW+O/xaVWYfnmuLwZdF/+6JuUh6Cw=
github.com/aws/aws-sdk-go v1.34.22/go.mod h1:5zCpMtNQVjRREroY7sYe8lOMRSxkhG6MZveU8YkpAk0=
github.com/aws/aws-sdk-go v1.34.26 h1:tw4nsSfGvCDnXt2xPe8NkxIrDui+asAWinMknPLEf80=
github.com/aws/aws-sdk-go v1.34.26/go.mod h1:5zCpMtNQVjRREroY7sYe8lOMRSxkhG6MZveU8YkpAk0=
github.com/aws/aws-sdk-go v1.35.0 h1:Pxqn1MWNfBCNcX7jrXCCTfsKpg5ms2IMUMmmcGtYJuo=
github.com/aws/aws-sdk-go v1.35.0/go.mod h1:H7NKnBqNVzoTJpGfLrQkkD+ytBA93eiDYi/+8rV9s48=
github.com/aws/aws-sdk-go v1.35.1 h1:dGBUiVpdG6Zho3taAqGJKxuhn+qIrP3OdjfrtqowDyc=
github.com/aws/aws-sdk-go v1.35.1/go.mod h1:H7NKnBqNVzoTJpGfLrQkkD+ytBA93eiDYi/+8rV9s48=
github.com/cpuguy83/go-md2man/v2 v2.0.0-20190314233015-f79a8a8ca69d/go.mod h1:maD7wRr/U5Z6m/iR4s+kqSMx2CaBsrgA7czyZG/E6dU=
github.com/cpuguy83/go-md2man/v2 v2.0.0/go.mod h1:maD7wRr/U5Z6m/iR4s+kqSMx2CaBsrgA7czyZG/E6dU=
github.com/davecgh/go-spew v1.1.0/go.mod h1:J7Y8YcW2NihsgmVo/mv3lAwl/skON4iLHjSsI+c5H38=
github.com/davecgh/go-spew v1.1.1 h1:vj9j/u1bqnvCEfJOwUhtlOARqs3+rkHYY13jYWTU97c=
github.com/davecgh/go-spew v1.1.1/go.mod h1:J7Y8YcW2NihsgmVo/mv3lAwl/skON4iLHjSsI+c5H38=
github.com/elastic/go-elasticsearch/v7 v7.9.0 h1:UEau+a1MiiE/F+UrDj60kqIHFWdzU1M2y/YtBU2NC2M=
github.com/elastic/go-elasticsearch/v7 v7.9.0/go.mod h1:OJ4wdbtDNk5g503kvlHLyErCgQwwzmDtaFC4XyOxXA4=
github.com/go-sql-driver/mysql v1.5.0/go.mod h1:DCzpHaOWr8IXmIStZouvnhqoel9Qv2LBy8hT2VhHyBg=
github.com/google/uuid v1.1.2 h1:EVhdT+1Kseyi1/pUmXKaFxYsDNy9RQYkMWRH68J/W7Y=
github.com/google/uuid v1.1.2/go.mod h1:TIyPZe4MgqvfeYDBFedMoGGpEw/LqOeaOT+nhxU+yHo=
github.com/jmespath/go-jmespath v0.3.0 h1:OS12ieG61fsCg5+qLJ+SsW9NicxNkg3b25OyT2yCeUc=
github.com/jmespath/go-jmespath v0.3.0/go.mod h1:9QtRXoHjLGCJ5IBSaohpXITPlowMeeYCZ7fLUTSywik=
github.com/jmespath/go-jmespath v0.4.0 h1:BEgLn5cpjn8UN1mAw4NjwDrS35OdebyEtFe+9YPoQUg=
github.com/jmespath/go-jmespath v0.4.0/go.mod h1:T8mJZnbsbmF+m6zOOFylbeCJqk5+pHWvzYPziyZiYoo=
github.com/jmespath/go-jmespath/internal/testify v1.5.1/go.mod h1:L3OGu8Wl2/fWfCI6z80xFu9LTZmf1ZRjMHUOPmWr69U=
github.com/pkg/errors v0.9.1/go.mod h1:bwawxfHBFNV+L2hUp1rHADufV3IMtnDRdf1r5NINEl0=
github.com/pmezard/go-difflib v1.0.0 h1:4DBwDE0NGyQoBHbLQYPwSUPoCMWR5BEzIk/f1lZbAQM=
github.com/pmezard/go-difflib v1.0.0/go.mod h1:iKH77koFhYxTK1pcRnkKkqfTogsbg7gZNVY4sRDYZ/4=
github.com/russross/blackfriday/v2 v2.0.1/go.mod h1:+Rmxgy9KzJVeS9/2gXHxylqXiyQDYRxCVz55jmeOWTM=
github.com/shurcooL/sanitized_anchor_name v1.0.0/go.mod h1:1NzhyTcUVG4SuEtjjoZeVRXNmyL/1OwPU0+IJeTBvfc=
github.com/spaolacci/murmur3 v1.1.0 h1:7c1g84S4BPRrfL5Xrdp6fOJ206sU9y293DDHaoy0bLI=
github.com/spaolacci/murmur3 v1.1.0/go.mod h1:JwIasOWyU6f++ZhiEuf87xNszmSA2myDM2Kzu9HwQUA=
github.com/stretchr/objx v0.1.0/go.mod h1:HFkY916IF+rwdDfMAkV7OtwuqBVzrE8GR6GFx+wExME=
github.com/stretchr/testify v1.5.1/go.mod h1:5W2xD1RspED5o8YsWQXVCued0rvSQ+mT+I5cxcmMvtA=
github.com/stretchr/testify v1.6.1 h1:hDPOHmpOpP40lSULcqw7IrRb/u7w6RpDC9399XyoNd0=
github.com/stretchr/testify v1.6.1/go.mod h1:6Fq8oRcR53rry900zMqJjRRixrwX3KX962/h/Wwjteg=
github.com/urfave/cli/v2 v2.2.0/go.mod h1:SE9GqnLQmjVa0iPEY0f1w3ygNIYcIJ0OKPMoW2caLfQ=
github.com/wikimedia/phoenix/common v0.0.0-20200910205631-5d7c37364c8d h1:XSohc2otQVlXfQBgSBZeLqL/R5ow+8qmUwXV1dg+KaI=
github.com/wikimedia/phoenix/common v0.0.0-20200910205631-5d7c37364c8d/go.mod h1:TwubHK9cdsLzEpwzbXHEC4wyCsgbqISELiDGGyFPkIs=
github.com/wikimedia/phoenix/common v0.0.0-20200910210446-f96abf625df6 h1:0el6H4c3UinX1NQXxfkCaoY1a5SbhqlSynwqtVHL9hM=
github.com/wikimedia/phoenix/common v0.0.0-20200910210446-f96abf625df6/go.mod h1:TwubHK9cdsLzEpwzbXHEC4wyCsgbqISELiDGGyFPkIs=
github.com/wikimedia/phoenix/common v0.0.0-20200911190659-bd9af6d4c042 h1:KRLd7pUf58AoMIMV/EE9R2PRlPu6Kp35EnY9USKvsCU=
github.com/wikimedia/phoenix/common v0.0.0-20200911190659-bd9af6d4c042/go.mod h1:TwubHK9cdsLzEpwzbXHEC4wyCsgbqISELiDGGyFPkIs=
github.com/wikimedia/phoenix/common v0.0.0-20200917172730-99566e6ca6e1 h1:mTAFnjkiuKAYuvRkt63F1UQ4epGIsOIy1/OTUFiEGN0=
github.com/wikimedia/phoenix/common v0.0.0-20200917172730-99566e6ca6e1/go.mod h1:TwubHK9cdsLzEpwzbXHEC4wyCsgbqISELiDGGyFPkIs=
github.com/wikimedia/phoenix/common v0.0.0-20200928232010-e94c28a05564 h1:l3D4cT/6gB03ocmeiTMhKYUC/jdaXqMLG6bHgfct6Bg=
github.com/wikimedia/phoenix/common v0.0.0-20200928232010-e94c28a05564/go.mod h1:TwubHK9cdsLzEpwzbXHEC4wyCsgbqISELiDGGyFPkIs=
github.com/wikimedia/phoenix/common v0.0.0-20200930183845-ed26ff645264 h1:kJLhPYpZ735uZL4p7erAVKY+ycbi+XV2YZzas8PQA4w=
github.com/wikimedia/phoenix/common v0.0.0-20200930183845-ed26ff645264/go.mod h1:TwubHK9cdsLzEpwzbXHEC4wyCsgbqISELiDGGyFPkIs=
github.com/wikimedia/phoenix/common v0.0.0-20201001185421-7e82111ec427 h1:q4iHfOmiefqNDeGTiktmlDVbMwyPcM0IM8/IoyJhaCQ=
github.com/wikimedia/phoenix/common v0.0.0-20201001185421-7e82111ec427/go.mod h1:TwubHK9cdsLzEpwzbXHEC4wyCsgbqISELiDGGyFPkIs=
github.com/wikimedia/phoenix/storage v0.0.0-20200911175454-f97fac6083b7/go.mod h1:YYmzaBwjy8N1qz74udHrVB/JG4u7qpYqy8xTSSsK7dc=
github.com/wikimedia/phoenix/storage v0.0.0-20200911190659-bd9af6d4c042 h1:IhKivFE4oFsMxVuhzLfR52HXN5ZDKGkceA4zHBrue/Y=
github.com/wikimedia/phoenix/storage v0.0.0-20200911190659-bd9af6d4c042/go.mod h1:YYmzaBwjy8N1qz74udHrVB/JG4u7qpYqy8xTSSsK7dc=
github.com/wikimedia/phoenix/storage v0.0.0-20200917172730-99566e6ca6e1 h1:bAJZzpt2hQec0HyOzexxeVLc221/35TuGrJouroX9Y4=
github.com/wikimedia/phoenix/storage v0.0.0-20200917172730-99566e6ca6e1/go.mod h1:YYmzaBwjy8N1qz74udHrVB/JG4u7qpYqy8xTSSsK7dc=
github.com/wikimedia/phoenix/storage v0.0.0-20200928232010-e94c28a05564 h1:DcrFKnne6LHBkQ7OaXLXCeAFBZNuPv3XKRG46hWWipo=
github.com/wikimedia/phoenix/storage v0.0.0-20200928232010-e94c28a05564/go.mod h1:YYmzaBwjy8N1qz74udHrVB/JG4u7qpYqy8xTSSsK7dc=
github.com/wikimedia/phoenix/storage v0.0.0-20200930183845-ed26ff645264 h1:7Pc8gwwkiS5sd85SD4kpWvb7ZUGsAZMjX71XUwXDpQU=
github.com/wikimedia/phoenix/storage v0.0.0-20200930183845-ed26ff645264/go.mod h1:YYmzaBwjy8N1qz74udHrVB/JG4u7qpYqy8xTSSsK7dc=
github.com/wikimedia/phoenix/storage v0.0.0-20201001185421-7e82111ec427 h1:ERGUzN+ZB8lawdLYgD2yDz9ZsUAqag2z/d/PNWHMU0Q=
github.com/wikimedia/phoenix/storage v0.0.0-20201001185421-7e82111ec427/go.mod h1:YYmzaBwjy8N1qz74udHrVB/JG4u7qpYqy8xTSSsK7dc=
golang.org/x/crypto v0.0.0-20190308221718-c2843e01d9a2/go.mod h1:djNgcEr1/C05ACkg1iLfiJU5Ep61QUkGW8qpdssI0+w=
golang.org/x/crypto v0.0.0-20200622213623-75b288015ac9/go.mod h1:LzIPMQfyMNhhGPhUkYOs5KpL4U8rLKemX1yGLhDgUto=
golang.org/x/net v0.0.0-20180218175443-cbe0f9307d01/go.mod h1:mL1N/T3taQHkDXs73rZJwtUhF3w3ftmwwsq0BUmARs4=
golang.org/x/net v0.0.0-20190404232315-eb5bcb51f2a3/go.mod h1:t9HGtf8HONx5eT2rtn7q6eTqICYqUVnKs3thJo3Qplg=
golang.org/x/net v0.0.0-20200202094626-16171245cfb2 h1:CCH4IOTTfewWjGOlSp+zGcjutRKlBEZQ6wTn8ozI/nI=
golang.org/x/net v0.0.0-20200202094626-16171245cfb2/go.mod h1:z5CRVTTTmAJ677TzLLGU+0bjPO0LkuOLi4/5GtJWs/s=
golang.org/x/net v0.0.0-20200904194848-62affa334b73 h1:MXfv8rhZWmFeqX3GNZRsd6vOLoaCHjYEX3qkRo3YBUA=
golang.org/x/net v0.0.0-20200904194848-62affa334b73/go.mod h1:/O7V0waA8r7cgGh81Ro3o1hOxt32SMVPicZroKQ2sZA=
golang.org/x/net v0.0.0-20200930145003-4acb6c075d10 h1:YfxMZzv3PjGonQYNUaeU2+DhAdqOxerQ30JFB6WgAXo=
golang.org/x/net v0.0.0-20200930145003-4acb6c075d10/go.mod h1:/O7V0waA8r7cgGh81Ro3o1hOxt32SMVPicZroKQ2sZA=
golang.org/x/sys v0.0.0-20190215142949-d0b11bdaac8a/go.mod h1:STP8DvDyc/dI5b8T5hshtkjS+E42TnysNCUPdjciGhY=
golang.org/x/sys v0.0.0-20190412213103-97732733099d/go.mod h1:h1NjWce9XRLGQEsW7wpKNCjG9DtNlClVuFLEZdDNbEs=
golang.org/x/sys v0.0.0-20200323222414-85ca7c5b95cd/go.mod h1:h1NjWce9XRLGQEsW7wpKNCjG9DtNlClVuFLEZdDNbEs=
golang.org/x/text v0.3.0 h1:g61tztE5qeGQ89tm6NTjjM9VPIm088od1l6aSorWRWg=
golang.org/x/text v0.3.0/go.mod h1:NqM8EUOU14njkJ3fqMW+pc6Ldnwhi/IjpwHt7yyuwOQ=
gopkg.in/check.v1 v0.0.0-20161208181325-20d25e280405 h1:yhCVgyC4o1eVCa2tZl7eS0r+SDo693bJlVdllGtEeKM=
gopkg.in/check.v1 v0.0.0-20161208181325-20d25e280405/go.mod h1:Co6ibVJAznAaIkqp8huTwlJQCZ016jof/cbN4VW5Yz0=
gopkg.in/yaml.v2 v2.2.2/go.mod h1:hI93XBmqTisBFMUTm0b8Fm+jr3Dg1NNxqwp+5A1VGuI=
gopkg.in/yaml.v2 v2.2.8/go.mod h1:hI93XBmqTisBFMUTm0b8Fm+jr3Dg1NNxqwp+5A1VGuI=
gopkg.in/yaml.v3 v3.0.0-20200313102051-9f266ea9e77c/go.mod h1:K4uyk7z7BCEPqu6E+C64Yfv1cQ7kz7rIZviUmN+EgEM=
gopkg.in/yaml.v3 v3.0.0-20200615113413-eeeca48fe776 h1:tQIYjPdBoyREyB9XMu+nnTclpTYkz2zFM+lzLJFO4gQ=
gopkg.in/yaml.v3 v3.0.0-20200615113413-eeeca48fe776/go.mod h1:K4uyk7z7BCEPqu6E+C64Yfv1cQ7kz7rIZviUmN+EgEM=
